{
  "version": 4,
  "terraform_version": "0.14.6",
  "serial": 37,
  "lineage": "bfa605f9-0920-cba4-e084-961bcd73fbb4",
  "outputs": {},
  "resources": [
    {
      "mode": "managed",
      "type": "google_project_service",
      "name": "local_project",
      "provider": "provider[\"registry.terraform.io/hashicorp/google\"]",
      "instances": [
        {
          "schema_version": 0,
          "attributes": {
            "disable_dependent_services": true,
            "disable_on_destroy": true,
            "id": "igneous-sweep-305822/container.googleapis.com",
            "project": "igneous-sweep-305822",
            "service": "container.googleapis.com",
            "timeouts": null
          },
          "sensitive_attributes": [],
          "private": "eyJlMmJmYjczMC1lY2FhLTExZTYtOGY4OC0zNDM2M2JjN2M0YzAiOnsiY3JlYXRlIjoxMjAwMDAwMDAwMDAwLCJkZWxldGUiOjEyMDAwMDAwMDAwMDAsInJlYWQiOjYwMDAwMDAwMDAwMCwidXBkYXRlIjoxMjAwMDAwMDAwMDAwfX0="
        }
      ]
    },
    {
      "mode": "managed",
      "type": "google_service_account",
      "name": "k8s",
      "provider": "provider[\"registry.terraform.io/hashicorp/google\"]",
      "instances": [
        {
          "schema_version": 0,
          "attributes": {
            "account_id": "edge-case-marin-alejandro",
            "description": "",
            "display_name": "",
            "email": "edge-case-marin-alejandro@igneous-sweep-305822.iam.gserviceaccount.com",
            "id": "projects/igneous-sweep-305822/serviceAccounts/edge-case-marin-alejandro@igneous-sweep-305822.iam.gserviceaccount.com",
            "name": "projects/igneous-sweep-305822/serviceAccounts/edge-case-marin-alejandro@igneous-sweep-305822.iam.gserviceaccount.com",
            "project": "igneous-sweep-305822",
            "timeouts": null,
            "unique_id": "116593718233130625628"
          },
          "sensitive_attributes": [],
          "private": "eyJlMmJmYjczMC1lY2FhLTExZTYtOGY4OC0zNDM2M2JjN2M0YzAiOnsiY3JlYXRlIjozMDAwMDAwMDAwMDB9fQ=="
        }
      ]
    },
    {
      "module": "module.application_nodepool_workers_np",
      "mode": "managed",
      "type": "google_container_node_pool",
      "name": "worker_nodes",
      "provider": "provider[\"registry.terraform.io/hashicorp/google\"]",
      "instances": []
    }
  ]
}
