{
  "version": 4,
  "terraform_version": "0.14.6",
  "serial": 40,
  "lineage": "bfa605f9-0920-cba4-e084-961bcd73fbb4",
  "outputs": {},
  "resources": [
    {
      "mode": "managed",
      "type": "google_project_service",
      "name": "local_project",
      "provider": "provider[\"registry.terraform.io/hashicorp/google\"]",
      "instances": [
        {
          "schema_version": 0,
          "attributes": {
            "disable_dependent_services": true,
            "disable_on_destroy": true,
            "id": "igneous-sweep-305822/container.googleapis.com",
            "project": "igneous-sweep-305822",
            "service": "container.googleapis.com",
            "timeouts": null
          },
          "sensitive_attributes": [],
          "private": "eyJlMmJmYjczMC1lY2FhLTExZTYtOGY4OC0zNDM2M2JjN2M0YzAiOnsiY3JlYXRlIjoxMjAwMDAwMDAwMDAwLCJkZWxldGUiOjEyMDAwMDAwMDAwMDAsInJlYWQiOjYwMDAwMDAwMDAwMCwidXBkYXRlIjoxMjAwMDAwMDAwMDAwfX0="
        }
      ]
    },
    {
      "mode": "managed",
      "type": "google_service_account",
      "name": "k8s",
      "provider": "provider[\"registry.terraform.io/hashicorp/google\"]",
      "instances": [
        {
          "schema_version": 0,
          "attributes": {
            "account_id": "edge-case-marin-alejandro",
            "description": "",
            "display_name": "",
            "email": "edge-case-marin-alejandro@igneous-sweep-305822.iam.gserviceaccount.com",
            "id": "projects/igneous-sweep-305822/serviceAccounts/edge-case-marin-alejandro@igneous-sweep-305822.iam.gserviceaccount.com",
            "name": "projects/igneous-sweep-305822/serviceAccounts/edge-case-marin-alejandro@igneous-sweep-305822.iam.gserviceaccount.com",
            "project": "igneous-sweep-305822",
            "timeouts": null,
            "unique_id": "116593718233130625628"
          },
          "sensitive_attributes": [],
          "private": "eyJlMmJmYjczMC1lY2FhLTExZTYtOGY4OC0zNDM2M2JjN2M0YzAiOnsiY3JlYXRlIjozMDAwMDAwMDAwMDB9fQ=="
        }
      ]
    },
    {
      "module": "module.application_cluster",
      "mode": "managed",
      "type": "google_container_cluster",
      "name": "gke_cluster",
      "provider": "provider[\"registry.terraform.io/hashicorp/google\"]",
      "instances": [
        {
          "schema_version": 1,
          "attributes": {
            "addons_config": [
              {
                "cloudrun_config": [],
                "horizontal_pod_autoscaling": [
                  {
                    "disabled": false
                  }
                ],
                "http_load_balancing": [
                  {
                    "disabled": false
                  }
                ],
                "network_policy_config": [
                  {
                    "disabled": true
                  }
                ]
              }
            ],
            "authenticator_groups_config": [],
            "cluster_autoscaling": [
              {
                "auto_provisioning_defaults": [],
                "enabled": false,
                "resource_limits": []
              }
            ],
            "cluster_ipv4_cidr": "10.4.0.0/19",
            "database_encryption": [
              {
                "key_name": "",
                "state": "DECRYPTED"
              }
            ],
            "datapath_provider": "",
            "default_max_pods_per_node": 64,
            "default_snat_status": [
              {
                "disabled": false
              }
            ],
            "description": "",
            "enable_binary_authorization": false,
            "enable_intranode_visibility": false,
            "enable_kubernetes_alpha": false,
            "enable_legacy_abac": false,
            "enable_shielded_nodes": false,
            "enable_tpu": false,
            "endpoint": "130.211.218.17",
            "id": "projects/igneous-sweep-305822/locations/us-central1/clusters/stage",
            "initial_node_count": 1,
            "instance_group_urls": [],
            "ip_allocation_policy": [
              {
                "cluster_ipv4_cidr_block": "10.4.0.0/19",
                "cluster_secondary_range_name": "pods",
                "services_ipv4_cidr_block": "10.1.0.0/19",
                "services_secondary_range_name": "services"
              }
            ],
            "label_fingerprint": "9a528bc5",
            "location": "us-central1",
            "logging_service": "logging.googleapis.com/kubernetes",
            "maintenance_policy": [],
            "master_auth": [
              {
                "client_certificate": "",
                "client_certificate_config": [
                  {
                    "issue_client_certificate": false
                  }
                ],
                "client_key": "",
                "cluster_ca_certificate": "LS0tLS1CRUdJTiBDRVJUSUZJQ0FURS0tLS0tCk1JSURLakNDQWhLZ0F3SUJBZ0lRSGUvZzVKR2lzUWVoNWFVQUhyL011ekFOQmdrcWhraUc5dzBCQVFzRkFEQXYKTVMwd0t3WURWUVFERXlSak5HSTVObVE0WVMxaE5UWXdMVFE1TlRRdE9XTTRNeTFpTkdOaE56a3laRFpqWWpjdwpIaGNOTWpFd01qSTFNVFl6TlRBM1doY05Nall3TWpJME1UY3pOVEEzV2pBdk1TMHdLd1lEVlFRREV5UmpOR0k1Ck5tUTRZUzFoTlRZd0xUUTVOVFF0T1dNNE15MWlOR05oTnpreVpEWmpZamN3Z2dFaU1BMEdDU3FHU0liM0RRRUIKQVFVQUE0SUJEd0F3Z2dFS0FvSUJBUURjUGJFUE5JQUgwcFlYd1FlTWVkaExRYkRkVEhiTFRjTDZqYXg5VkNoQQpoWVorN0drNTkvazhJTzg3ZTJaSmF6V05WVDg4L0JIRnZCOEUyQ01ISWtTWjZESURZa05ERENkUys4V1EzMThoCm5xalFBTGZuOXUxcjd5NlBaU0FSeDFHVFFwUmV4NHVwbEdOTVRGb0lkOFd1UlU2Vnh3bmFodEhDbkxCUDVHK2sKcmsvZ0MrcU5PSmw4V3VNMG13cld2WHpyYWRBR29LLzgyV2oyd05JZjA1N3A5eGtEQjNFbVpsTnRhNkk1RkNqVgpOQTBQNVBuUXdiKy9uUWltQytkZXNqTEhuOG5yZWJmRFNnNVplbnR3WjhWRUg5YVBoQWZRbWxwTlBSRWNFS0VrCnhJNnAvazRQeGNTdGlZZE4ybEkwNzR0TnpNb0t3Zm8wWkQzWjdUbC9mLzN0QWdNQkFBR2pRakJBTUE0R0ExVWQKRHdFQi93UUVBd0lDQkRBUEJnTlZIUk1CQWY4RUJUQURBUUgvTUIwR0ExVWREZ1FXQkJUbjl3UE5sQittUkhMNwpzc25XcWowNTdWOXVtakFOQmdrcWhraUc5dzBCQVFzRkFBT0NBUUVBcDFtUlVhLzRCczBYcGU3VVpPMEdpVDJvCnJTOGh0bXB2cmdwY1dRdXl5K2hpUFhubldHYnhVeUZoRTlVb3hXV0ZPTlozeEJVNHFzdVZFbzRxUVo1anoyTnAKcndaNEppZEtMTGljUzdlSkVtVTN3Q0oxTHFlMDk3ZzRMUlRXL25LVEYvOThZSHVNRGFmeTU5VytMa09TdHdoSwpLTk5ZWkxJdjYxcmJ3dkZuOCtWMGVFNUZ4ZXA5M2xGUkdQdFpTUXdvQmRMTWgzc0lhZzI2Qk9yNmoxdk5rRGE1CnlndnRYRUoyZ1pkOFY3c1ZkTG9lbGMwRU11b05QZlJ3QTY5M1pFZE5RcENwYXp1ejJ6aTdkV2xuOWFnMUZ6MmQKQ3JWQkQzd0NCb2dpNDBYZERGaVhmcys5Y25LNXNmWTVZUmU5dUJNV0Z0V0hFRUdJdVZNU1VtM3RBdytXK2c9PQotLS0tLUVORCBDRVJUSUZJQ0FURS0tLS0tCg==",
                "password": "",
                "username": ""
              }
            ],
            "master_authorized_networks_config": [
              {
                "cidr_blocks": [
                  {
                    "cidr_block": "10.0.0.0/8",
                    "display_name": "example_network"
                  }
                ]
              }
            ],
            "master_version": "1.17.15-gke.800",
            "min_master_version": "1.17.15-gke.800",
            "monitoring_service": "monitoring.googleapis.com/kubernetes",
            "name": "stage",
            "network": "projects/igneous-sweep-305822/global/networks/default",
            "network_policy": [
              {
                "enabled": false,
                "provider": "PROVIDER_UNSPECIFIED"
              }
            ],
            "node_config": [],
            "node_locations": [
              "us-central1-b",
              "us-central1-c",
              "us-central1-f"
            ],
            "node_pool": [],
            "node_version": "1.17.15-gke.800",
            "operation": null,
            "pod_security_policy_config": [],
            "private_cluster_config": [
              {
                "enable_private_endpoint": false,
                "enable_private_nodes": true,
                "master_global_access_config": [
                  {
                    "enabled": false
                  }
                ],
                "master_ipv4_cidr_block": "192.168.1.0/28",
                "peering_name": "gke-n1a3aa280af8c78af3ab-b75a-0480-peer",
                "private_endpoint": "192.168.1.2",
                "public_endpoint": "130.211.218.17"
              }
            ],
            "project": "igneous-sweep-305822",
            "release_channel": [
              {
                "channel": "UNSPECIFIED"
              }
            ],
            "remove_default_node_pool": true,
            "resource_labels": {
              "portworx": "gke"
            },
            "resource_usage_export_config": [],
            "self_link": "https://container.googleapis.com/v1beta1/projects/igneous-sweep-305822/locations/us-central1/clusters/stage",
            "services_ipv4_cidr": "10.1.0.0/19",
            "subnetwork": "projects/igneous-sweep-305822/regions/us-central1/subnetworks/default",
            "timeouts": null,
            "tpu_ipv4_cidr_block": "",
            "vertical_pod_autoscaling": [],
            "workload_identity_config": []
          },
          "sensitive_attributes": [],
          "private": "eyJlMmJmYjczMC1lY2FhLTExZTYtOGY4OC0zNDM2M2JjN2M0YzAiOnsiY3JlYXRlIjoyNDAwMDAwMDAwMDAwLCJkZWxldGUiOjI0MDAwMDAwMDAwMDAsInJlYWQiOjI0MDAwMDAwMDAwMDAsInVwZGF0ZSI6MzYwMDAwMDAwMDAwMH0sInNjaGVtYV92ZXJzaW9uIjoiMSJ9",
          "dependencies": [
            "google_project_service.local_project"
          ]
        }
      ]
    },
    {
      "module": "module.application_nodepool_workers_np",
      "mode": "managed",
      "type": "google_container_node_pool",
      "name": "worker_nodes",
      "provider": "provider[\"registry.terraform.io/hashicorp/google\"]",
      "instances": [
        {
          "schema_version": 1,
          "attributes": {
            "autoscaling": [
              {
                "max_node_count": 1,
                "min_node_count": 1
              }
            ],
            "cluster": "stage",
            "id": "projects/igneous-sweep-305822/locations/us-central1/clusters/stage/nodePools/workers",
            "initial_node_count": 1,
            "instance_group_urls": [
              "https://www.googleapis.com/compute/v1/projects/igneous-sweep-305822/zones/us-central1-a/instanceGroupManagers/gke-stage-workers-4d0a5850-grp"
            ],
            "location": "us-central1",
            "management": [
              {
                "auto_repair": false,
                "auto_upgrade": false
              }
            ],
            "max_pods_per_node": 110,
            "name": "workers",
            "name_prefix": "",
            "node_config": [
              {
                "disk_size_gb": 50,
                "disk_type": "pd-ssd",
                "guest_accelerator": [],
                "image_type": "UBUNTU",
                "labels": {
                  "dou/student-name": "marin_alejandro"
                },
                "local_ssd_count": 0,
                "machine_type": "n1-standard-4",
                "metadata": {
                  "disable-legacy-endpoints": "true"
                },
                "min_cpu_platform": "",
                "oauth_scopes": [
                  "https://www.googleapis.com/auth/cloud-platform",
                  "https://www.googleapis.com/auth/compute",
                  "https://www.googleapis.com/auth/devstorage.read_only",
                  "https://www.googleapis.com/auth/logging.write",
                  "https://www.googleapis.com/auth/monitoring",
                  "https://www.googleapis.com/auth/service.management.readonly",
                  "https://www.googleapis.com/auth/servicecontrol",
                  "https://www.googleapis.com/auth/trace.append"
                ],
                "preemptible": false,
                "service_account": "edge-case-marin-alejandro@igneous-sweep-305822.iam.gserviceaccount.com",
                "shielded_instance_config": [
                  {
                    "enable_integrity_monitoring": true,
                    "enable_secure_boot": false
                  }
                ],
                "tags": [],
                "taint": [],
                "workload_metadata_config": []
              }
            ],
            "node_count": 1,
            "node_locations": [
              "us-central1-a"
            ],
            "project": "igneous-sweep-305822",
            "timeouts": null,
            "upgrade_settings": [
              {
                "max_surge": 0,
                "max_unavailable": 1
              }
            ],
            "version": "1.17.15-gke.800"
          },
          "sensitive_attributes": [],
          "private": "eyJlMmJmYjczMC1lY2FhLTExZTYtOGY4OC0zNDM2M2JjN2M0YzAiOnsiY3JlYXRlIjoxODAwMDAwMDAwMDAwLCJkZWxldGUiOjE4MDAwMDAwMDAwMDAsInVwZGF0ZSI6MTgwMDAwMDAwMDAwMH0sInNjaGVtYV92ZXJzaW9uIjoiMSJ9",
          "dependencies": [
            "google_project_service.local_project",
            "google_service_account.k8s",
            "module.application_cluster.google_container_cluster.gke_cluster"
          ]
        }
      ]
    }
  ]
}
