{
  "version": 4,
  "terraform_version": "0.14.6",
  "serial": 23,
  "lineage": "bfa605f9-0920-cba4-e084-961bcd73fbb4",
  "outputs": {},
  "resources": [
    {
      "mode": "managed",
      "type": "google_compute_instance",
      "name": "default",
      "provider": "provider[\"registry.terraform.io/hashicorp/google\"]",
      "instances": [
        {
          "schema_version": 6,
          "attributes": {
            "allow_stopping_for_update": null,
            "attached_disk": [],
            "boot_disk": [
              {
                "auto_delete": true,
                "device_name": "persistent-disk-0",
                "disk_encryption_key_raw": "",
                "disk_encryption_key_sha256": "",
                "initialize_params": [
                  {
                    "image": "https://www.googleapis.com/compute/v1/projects/debian-cloud/global/images/debian-9-stretch-v20210122",
                    "labels": {},
                    "size": 10,
                    "type": "pd-standard"
                  }
                ],
                "kms_key_self_link": "",
                "mode": "READ_WRITE",
                "source": "https://www.googleapis.com/compute/v1/projects/vast-art-304421/zones/us-central1-a/disks/edge-case-alejandro-marin"
              }
            ],
            "can_ip_forward": false,
            "confidential_instance_config": [],
            "cpu_platform": "Intel Haswell",
            "current_status": "RUNNING",
            "deletion_protection": false,
            "description": "",
            "desired_status": null,
            "enable_display": false,
            "guest_accelerator": [],
            "hostname": "",
            "id": "projects/vast-art-304421/zones/us-central1-a/instances/edge-case-alejandro-marin",
            "instance_id": "1517472160019860713",
            "label_fingerprint": "42WmSpB8rSM=",
            "labels": null,
            "machine_type": "n1-standard-1",
            "metadata": null,
            "metadata_fingerprint": "zGyc1L965f8=",
            "metadata_startup_script": "",
            "min_cpu_platform": "",
            "name": "edge-case-alejandro-marin",
            "network_interface": [
              {
                "access_config": [],
                "alias_ip_range": [],
                "name": "nic0",
                "network": "https://www.googleapis.com/compute/v1/projects/vast-art-304421/global/networks/default",
                "network_ip": "10.128.0.14",
                "subnetwork": "https://www.googleapis.com/compute/v1/projects/vast-art-304421/regions/us-central1/subnetworks/default",
                "subnetwork_project": "vast-art-304421"
              }
            ],
            "project": "vast-art-304421",
            "resource_policies": null,
            "scheduling": [
              {
                "automatic_restart": true,
                "node_affinities": [],
                "on_host_maintenance": "MIGRATE",
                "preemptible": false
              }
            ],
            "scratch_disk": [],
            "self_link": "https://www.googleapis.com/compute/v1/projects/vast-art-304421/zones/us-central1-a/instances/edge-case-alejandro-marin",
            "service_account": [
              {
                "email": "edge-instance-alejandro-marin@vast-art-304421.iam.gserviceaccount.com",
                "scopes": [
                  "https://www.googleapis.com/auth/cloud-platform"
                ]
              }
            ],
            "shielded_instance_config": [],
            "tags": null,
            "tags_fingerprint": "42WmSpB8rSM=",
            "timeouts": null,
            "zone": "us-central1-a"
          },
          "sensitive_attributes": [],
          "private": "eyJlMmJmYjczMC1lY2FhLTExZTYtOGY4OC0zNDM2M2JjN2M0YzAiOnsiY3JlYXRlIjoxMjAwMDAwMDAwMDAwLCJkZWxldGUiOjEyMDAwMDAwMDAwMDAsInVwZGF0ZSI6MTIwMDAwMDAwMDAwMH0sInNjaGVtYV92ZXJzaW9uIjoiNiJ9",
          "dependencies": [
            "google_service_account.instance"
          ]
        }
      ]
    },
    {
      "mode": "managed",
      "type": "google_project_service",
      "name": "local_project",
      "provider": "provider[\"registry.terraform.io/hashicorp/google\"]",
      "instances": [
        {
          "schema_version": 0,
          "attributes": {
            "disable_dependent_services": true,
            "disable_on_destroy": true,
            "id": "vast-art-304421/container.googleapis.com",
            "project": "vast-art-304421",
            "service": "container.googleapis.com",
            "timeouts": null
          },
          "sensitive_attributes": [],
          "private": "eyJlMmJmYjczMC1lY2FhLTExZTYtOGY4OC0zNDM2M2JjN2M0YzAiOnsiY3JlYXRlIjoxMjAwMDAwMDAwMDAwLCJkZWxldGUiOjEyMDAwMDAwMDAwMDAsInJlYWQiOjYwMDAwMDAwMDAwMCwidXBkYXRlIjoxMjAwMDAwMDAwMDAwfX0="
        }
      ]
    },
    {
      "mode": "managed",
      "type": "google_service_account",
      "name": "instance",
      "provider": "provider[\"registry.terraform.io/hashicorp/google\"]",
      "instances": [
        {
          "schema_version": 0,
          "attributes": {
            "account_id": "edge-instance-alejandro-marin",
            "description": "",
            "display_name": "",
            "email": "edge-instance-alejandro-marin@vast-art-304421.iam.gserviceaccount.com",
            "id": "projects/vast-art-304421/serviceAccounts/edge-instance-alejandro-marin@vast-art-304421.iam.gserviceaccount.com",
            "name": "projects/vast-art-304421/serviceAccounts/edge-instance-alejandro-marin@vast-art-304421.iam.gserviceaccount.com",
            "project": "vast-art-304421",
            "timeouts": null,
            "unique_id": "112710166121770663158"
          },
          "sensitive_attributes": [],
          "private": "eyJlMmJmYjczMC1lY2FhLTExZTYtOGY4OC0zNDM2M2JjN2M0YzAiOnsiY3JlYXRlIjozMDAwMDAwMDAwMDB9fQ=="
        }
      ]
    },
    {
      "mode": "managed",
      "type": "google_service_account",
      "name": "k8s",
      "provider": "provider[\"registry.terraform.io/hashicorp/google\"]",
      "instances": [
        {
          "schema_version": 0,
          "attributes": {
            "account_id": "edge-case-alejandro-marin",
            "description": "",
            "display_name": "",
            "email": "edge-case-alejandro-marin@vast-art-304421.iam.gserviceaccount.com",
            "id": "projects/vast-art-304421/serviceAccounts/edge-case-alejandro-marin@vast-art-304421.iam.gserviceaccount.com",
            "name": "projects/vast-art-304421/serviceAccounts/edge-case-alejandro-marin@vast-art-304421.iam.gserviceaccount.com",
            "project": "vast-art-304421",
            "timeouts": null,
            "unique_id": "104745420214327805159"
          },
          "sensitive_attributes": [],
          "private": "eyJlMmJmYjczMC1lY2FhLTExZTYtOGY4OC0zNDM2M2JjN2M0YzAiOnsiY3JlYXRlIjozMDAwMDAwMDAwMDB9fQ=="
        }
      ]
    },
    {
      "module": "module.application_cluster",
      "mode": "managed",
      "type": "google_container_cluster",
      "name": "gke_cluster",
      "provider": "provider[\"registry.terraform.io/hashicorp/google\"]",
      "instances": [
        {
          "schema_version": 1,
          "attributes": {
            "addons_config": [
              {
                "cloudrun_config": [],
                "horizontal_pod_autoscaling": [
                  {
                    "disabled": false
                  }
                ],
                "http_load_balancing": [
                  {
                    "disabled": false
                  }
                ],
                "network_policy_config": [
                  {
                    "disabled": true
                  }
                ]
              }
            ],
            "authenticator_groups_config": [],
            "cluster_autoscaling": [
              {
                "auto_provisioning_defaults": [],
                "enabled": false,
                "resource_limits": []
              }
            ],
            "cluster_ipv4_cidr": "10.8.0.0/20",
            "database_encryption": [
              {
                "key_name": "",
                "state": "DECRYPTED"
              }
            ],
            "datapath_provider": "",
            "default_max_pods_per_node": 64,
            "default_snat_status": [
              {
                "disabled": false
              }
            ],
            "description": "",
            "enable_binary_authorization": false,
            "enable_intranode_visibility": false,
            "enable_kubernetes_alpha": false,
            "enable_legacy_abac": false,
            "enable_shielded_nodes": false,
            "enable_tpu": false,
            "endpoint": "35.188.98.193",
            "id": "projects/vast-art-304421/locations/us-central1/clusters/stage",
            "initial_node_count": 1,
            "instance_group_urls": [
              "https://www.googleapis.com/compute/v1/projects/vast-art-304421/zones/us-central1-a/instanceGroups/gke-stage-dedicated-8eda6870-grp",
              "https://www.googleapis.com/compute/v1/projects/vast-art-304421/zones/us-central1-a/instanceGroups/gke-stage-workers-d7917a2d-grp"
            ],
            "ip_allocation_policy": [
              {
                "cluster_ipv4_cidr_block": "10.8.0.0/20",
                "cluster_secondary_range_name": "pods",
                "services_ipv4_cidr_block": "10.0.0.0/20",
                "services_secondary_range_name": "services"
              }
            ],
            "label_fingerprint": "9a528bc5",
            "location": "us-central1",
            "logging_service": "logging.googleapis.com/kubernetes",
            "maintenance_policy": [],
            "master_auth": [
              {
                "client_certificate": "",
                "client_certificate_config": [
                  {
                    "issue_client_certificate": false
                  }
                ],
                "client_key": "",
                "cluster_ca_certificate": "LS0tLS1CRUdJTiBDRVJUSUZJQ0FURS0tLS0tCk1JSURLakNDQWhLZ0F3SUJBZ0lRY29INm9wK0x1R0dYclJhaFRBRUp3ekFOQmdrcWhraUc5dzBCQVFzRkFEQXYKTVMwd0t3WURWUVFERXlSa05qbGtaV1ppTkMwMk1XUXpMVFF5WkRndFlqQmtNQzA1WkRoaE16TXlaREV6TVRrdwpIaGNOTWpFd01qRTFNakExTWpNMFdoY05Nall3TWpFME1qRTFNak0wV2pBdk1TMHdLd1lEVlFRREV5UmtOamxrClpXWmlOQzAyTVdRekxUUXlaRGd0WWpCa01DMDVaRGhoTXpNeVpERXpNVGt3Z2dFaU1BMEdDU3FHU0liM0RRRUIKQVFVQUE0SUJEd0F3Z2dFS0FvSUJBUURXYjNBUGtCdGZ3QzFEVmI2bXZDSTNCakRVQXdzQnBmR01FMmc0SCs5bApNRUt1RGYyTEJyRFVZWEJ1VzhHdlVFWWFvYzc4UGFvSFN4SGk1UjYvSE1FSFJqZ1dGVWFlS0pRM0FXc1BObkVTCkloSktWSkh3YWk5UUZRb01td0xzdVVNQmd3eXgzU1R4M1B1RGxpblpMU0VZOTNuSXpJZE1MNUtNNGxseXoyWVcKbmJycC9vM2dCSjhLVHJyZXUweDU2cG5mWEpCUjFpTlhjQTZCa05GWmp4aWxJYkNjNG5CMkRrZDEwTGtCaGlMYwo2Q3A4endHQmZIYTUwODErcEZ6TnBITGY1NXVxdWVWaHQ5bklpcUgyVTAwWkJ3T3YySTdHaVVJQ1JtZ3dkMGtKCkNPdU1IaU9SMVJSMXVRMktIOWh2aWJ0RlJ1RU1KSEdpMCtmSGYrT2JBTldWQWdNQkFBR2pRakJBTUE0R0ExVWQKRHdFQi93UUVBd0lDQkRBUEJnTlZIUk1CQWY4RUJUQURBUUgvTUIwR0ExVWREZ1FXQkJRYnRrSFFjUCtoVXdiUgp0eGtWb1ZhNnN4M0hlakFOQmdrcWhraUc5dzBCQVFzRkFBT0NBUUVBc2tSaUdQM0oxSzZuSWdZd0h1YUJwTFZOCmFtajlVTkJoWDNtR1JXdGg5YUlITnpWMUpielFSYllRWmZSZnkrV240Qk9JMmtKWjBZUXU5Ui94MFJhVDJOWUIKcytzM0VTcHRRa1B5Uld2WXNKM0t4R2RDWG9rTmJLcEY0b3crbkhJTE4xSGNKM0ZlTEp0N3BWQ2dhemVRTE5tZAp5RUN0VGUwUmIvZ1UzSU9uUHBGN2s1L3RMLzRoS09CSnZnT0FZR010T2N2bWxySk1uT2h3eGxiaXZ1SUgrU003CjkzWHlaNzhBMGdiUmhTc2FVZVI2Q0ZsbEx1YUZWRUF2WGozdHhnYmZWZmUzVVNLOHo5ck1ocDdNVEx6YlJ4VGUKRkwxV3VyM1Z4dU5IQk1vamdzZzVNZTI2b2E2eVEyNXhFYkRyMnp1bjZHcW4yckVmZ3N2MUtDUlY4ZzA0amc9PQotLS0tLUVORCBDRVJUSUZJQ0FURS0tLS0tCg==",
                "password": "",
                "username": ""
              }
            ],
            "master_authorized_networks_config": [
              {
                "cidr_blocks": [
                  {
                    "cidr_block": "10.0.0.0/8",
                    "display_name": "example_network"
                  }
                ]
              }
            ],
            "master_version": "1.18.15-gke.800",
            "min_master_version": "1.18.15-gke.800",
            "monitoring_service": "monitoring.googleapis.com/kubernetes",
            "name": "stage",
            "network": "projects/vast-art-304421/global/networks/default",
            "network_policy": [
              {
                "enabled": false,
                "provider": "PROVIDER_UNSPECIFIED"
              }
            ],
            "node_config": [
              {
                "disk_size_gb": 50,
                "disk_type": "pd-ssd",
                "guest_accelerator": [],
                "image_type": "UBUNTU",
                "labels": {
                  "dou/app-name": "infraSpecificApp",
                  "dou/student-name": "alejandro_marin"
                },
                "local_ssd_count": 0,
                "machine_type": "n1-standard-1",
                "metadata": {
                  "disable-legacy-endpoints": "true"
                },
                "min_cpu_platform": "",
                "oauth_scopes": [
                  "https://www.googleapis.com/auth/cloud-platform",
                  "https://www.googleapis.com/auth/compute",
                  "https://www.googleapis.com/auth/devstorage.read_only",
                  "https://www.googleapis.com/auth/logging.write",
                  "https://www.googleapis.com/auth/monitoring",
                  "https://www.googleapis.com/auth/service.management.readonly",
                  "https://www.googleapis.com/auth/servicecontrol",
                  "https://www.googleapis.com/auth/trace.append"
                ],
                "preemptible": false,
                "service_account": "edge-case-alejandro-marin@vast-art-304421.iam.gserviceaccount.com",
                "shielded_instance_config": [
                  {
                    "enable_integrity_monitoring": true,
                    "enable_secure_boot": false
                  }
                ],
                "tags": [],
                "taint": [
                  {
                    "effect": "NO_EXECUTE",
                    "key": "dou/app-name",
                    "value": "infraSpecificApp"
                  }
                ],
                "workload_metadata_config": []
              }
            ],
            "node_locations": [
              "us-central1-b",
              "us-central1-c",
              "us-central1-f"
            ],
            "node_pool": [
              {
                "autoscaling": [
                  {
                    "max_node_count": 1,
                    "min_node_count": 1
                  }
                ],
                "initial_node_count": 1,
                "instance_group_urls": [
                  "https://www.googleapis.com/compute/v1/projects/vast-art-304421/zones/us-central1-a/instanceGroupManagers/gke-stage-dedicated-8eda6870-grp"
                ],
                "management": [
                  {
                    "auto_repair": false,
                    "auto_upgrade": false
                  }
                ],
                "max_pods_per_node": 110,
                "name": "dedicated",
                "name_prefix": "",
                "node_config": [
                  {
                    "disk_size_gb": 50,
                    "disk_type": "pd-ssd",
                    "guest_accelerator": [],
                    "image_type": "UBUNTU",
                    "labels": {
                      "dou/app-name": "infraSpecificApp",
                      "dou/student-name": "alejandro_marin"
                    },
                    "local_ssd_count": 0,
                    "machine_type": "n1-standard-1",
                    "metadata": {
                      "disable-legacy-endpoints": "true"
                    },
                    "min_cpu_platform": "",
                    "oauth_scopes": [
                      "https://www.googleapis.com/auth/cloud-platform",
                      "https://www.googleapis.com/auth/compute",
                      "https://www.googleapis.com/auth/devstorage.read_only",
                      "https://www.googleapis.com/auth/logging.write",
                      "https://www.googleapis.com/auth/monitoring",
                      "https://www.googleapis.com/auth/service.management.readonly",
                      "https://www.googleapis.com/auth/servicecontrol",
                      "https://www.googleapis.com/auth/trace.append"
                    ],
                    "preemptible": false,
                    "service_account": "edge-case-alejandro-marin@vast-art-304421.iam.gserviceaccount.com",
                    "shielded_instance_config": [
                      {
                        "enable_integrity_monitoring": true,
                        "enable_secure_boot": false
                      }
                    ],
                    "tags": [],
                    "taint": [
                      {
                        "effect": "NO_EXECUTE",
                        "key": "dou/app-name",
                        "value": "infraSpecificApp"
                      }
                    ],
                    "workload_metadata_config": []
                  }
                ],
                "node_count": 1,
                "node_locations": [
                  "us-central1-a"
                ],
                "upgrade_settings": [
                  {
                    "max_surge": 0,
                    "max_unavailable": 1
                  }
                ],
                "version": "1.18.15-gke.800"
              },
              {
                "autoscaling": [
                  {
                    "max_node_count": 1,
                    "min_node_count": 1
                  }
                ],
                "initial_node_count": 1,
                "instance_group_urls": [
                  "https://www.googleapis.com/compute/v1/projects/vast-art-304421/zones/us-central1-a/instanceGroupManagers/gke-stage-workers-d7917a2d-grp"
                ],
                "management": [
                  {
                    "auto_repair": false,
                    "auto_upgrade": false
                  }
                ],
                "max_pods_per_node": 110,
                "name": "workers",
                "name_prefix": "",
                "node_config": [
                  {
                    "disk_size_gb": 50,
                    "disk_type": "pd-ssd",
                    "guest_accelerator": [],
                    "image_type": "UBUNTU",
                    "labels": {
                      "dou/student-name": "alejandro_marin"
                    },
                    "local_ssd_count": 0,
                    "machine_type": "n1-standard-4",
                    "metadata": {
                      "disable-legacy-endpoints": "true"
                    },
                    "min_cpu_platform": "",
                    "oauth_scopes": [
                      "https://www.googleapis.com/auth/cloud-platform",
                      "https://www.googleapis.com/auth/compute",
                      "https://www.googleapis.com/auth/devstorage.read_only",
                      "https://www.googleapis.com/auth/logging.write",
                      "https://www.googleapis.com/auth/monitoring",
                      "https://www.googleapis.com/auth/service.management.readonly",
                      "https://www.googleapis.com/auth/servicecontrol",
                      "https://www.googleapis.com/auth/trace.append"
                    ],
                    "preemptible": false,
                    "service_account": "edge-case-alejandro-marin@vast-art-304421.iam.gserviceaccount.com",
                    "shielded_instance_config": [
                      {
                        "enable_integrity_monitoring": true,
                        "enable_secure_boot": false
                      }
                    ],
                    "tags": [],
                    "taint": [],
                    "workload_metadata_config": []
                  }
                ],
                "node_count": 1,
                "node_locations": [
                  "us-central1-a"
                ],
                "upgrade_settings": [
                  {
                    "max_surge": 0,
                    "max_unavailable": 1
                  }
                ],
                "version": "1.18.15-gke.800"
              }
            ],
            "node_version": "1.18.15-gke.800",
            "operation": null,
            "pod_security_policy_config": [],
            "private_cluster_config": [
              {
                "enable_private_endpoint": false,
                "enable_private_nodes": true,
                "master_global_access_config": [
                  {
                    "enabled": false
                  }
                ],
                "master_ipv4_cidr_block": "192.168.1.0/28",
                "peering_name": "gke-n71a921780f0a61f178c-3f19-009e-peer",
                "private_endpoint": "192.168.1.2",
                "public_endpoint": "35.188.98.193"
              }
            ],
            "project": "vast-art-304421",
            "release_channel": [
              {
                "channel": "UNSPECIFIED"
              }
            ],
            "remove_default_node_pool": true,
            "resource_labels": {
              "portworx": "gke"
            },
            "resource_usage_export_config": [],
            "self_link": "https://container.googleapis.com/v1beta1/projects/vast-art-304421/locations/us-central1/clusters/stage",
            "services_ipv4_cidr": "10.0.0.0/20",
            "subnetwork": "projects/vast-art-304421/regions/us-central1/subnetworks/default",
            "timeouts": null,
            "tpu_ipv4_cidr_block": "",
            "vertical_pod_autoscaling": [],
            "workload_identity_config": []
          },
          "sensitive_attributes": [],
          "private": "eyJlMmJmYjczMC1lY2FhLTExZTYtOGY4OC0zNDM2M2JjN2M0YzAiOnsiY3JlYXRlIjoyNDAwMDAwMDAwMDAwLCJkZWxldGUiOjI0MDAwMDAwMDAwMDAsInJlYWQiOjI0MDAwMDAwMDAwMDAsInVwZGF0ZSI6MzYwMDAwMDAwMDAwMH0sInNjaGVtYV92ZXJzaW9uIjoiMSJ9",
          "dependencies": [
            "google_project_service.local_project"
          ]
        }
      ]
    },
    {
      "module": "module.application_nodepool_workers_np",
      "mode": "managed",
      "type": "google_container_node_pool",
      "name": "worker_nodes",
      "provider": "provider[\"registry.terraform.io/hashicorp/google\"]",
      "instances": [
        {
          "schema_version": 1,
          "attributes": {
            "autoscaling": [
              {
                "max_node_count": 1,
                "min_node_count": 1
              }
            ],
            "cluster": "stage",
            "id": "projects/vast-art-304421/locations/us-central1/clusters/stage/nodePools/workers",
            "initial_node_count": 1,
            "instance_group_urls": [
              "https://www.googleapis.com/compute/v1/projects/vast-art-304421/zones/us-central1-a/instanceGroupManagers/gke-stage-workers-d7917a2d-grp"
            ],
            "location": "us-central1",
            "management": [
              {
                "auto_repair": false,
                "auto_upgrade": false
              }
            ],
            "max_pods_per_node": 110,
            "name": "workers",
            "name_prefix": "",
            "node_config": [
              {
                "disk_size_gb": 50,
                "disk_type": "pd-ssd",
                "guest_accelerator": [],
                "image_type": "UBUNTU",
                "labels": {
                  "dou/student-name": "alejandro_marin"
                },
                "local_ssd_count": 0,
                "machine_type": "n1-standard-4",
                "metadata": {
                  "disable-legacy-endpoints": "true"
                },
                "min_cpu_platform": "",
                "oauth_scopes": [
                  "https://www.googleapis.com/auth/cloud-platform",
                  "https://www.googleapis.com/auth/compute",
                  "https://www.googleapis.com/auth/devstorage.read_only",
                  "https://www.googleapis.com/auth/logging.write",
                  "https://www.googleapis.com/auth/monitoring",
                  "https://www.googleapis.com/auth/service.management.readonly",
                  "https://www.googleapis.com/auth/servicecontrol",
                  "https://www.googleapis.com/auth/trace.append"
                ],
                "preemptible": false,
                "service_account": "edge-case-alejandro-marin@vast-art-304421.iam.gserviceaccount.com",
                "shielded_instance_config": [
                  {
                    "enable_integrity_monitoring": true,
                    "enable_secure_boot": false
                  }
                ],
                "tags": [],
                "taint": [],
                "workload_metadata_config": []
              }
            ],
            "node_count": 1,
            "node_locations": [
              "us-central1-a"
            ],
            "project": "vast-art-304421",
            "timeouts": null,
            "upgrade_settings": [
              {
                "max_surge": 0,
                "max_unavailable": 1
              }
            ],
            "version": "1.18.15-gke.800"
          },
          "sensitive_attributes": [],
          "private": "eyJlMmJmYjczMC1lY2FhLTExZTYtOGY4OC0zNDM2M2JjN2M0YzAiOnsiY3JlYXRlIjoxODAwMDAwMDAwMDAwLCJkZWxldGUiOjE4MDAwMDAwMDAwMDAsInVwZGF0ZSI6MTgwMDAwMDAwMDAwMH0sInNjaGVtYV92ZXJzaW9uIjoiMSJ9",
          "dependencies": [
            "google_project_service.local_project",
            "google_service_account.k8s",
            "module.application_cluster.google_container_cluster.gke_cluster"
          ]
        }
      ]
    },
    {
      "module": "module.dedicated_nodepool",
      "mode": "managed",
      "type": "google_container_node_pool",
      "name": "worker_nodes",
      "provider": "provider[\"registry.terraform.io/hashicorp/google\"]",
      "instances": [
        {
          "schema_version": 1,
          "attributes": {
            "autoscaling": [
              {
                "max_node_count": 1,
                "min_node_count": 1
              }
            ],
            "cluster": "stage",
            "id": "projects/vast-art-304421/locations/us-central1/clusters/stage/nodePools/dedicated",
            "initial_node_count": 1,
            "instance_group_urls": [
              "https://www.googleapis.com/compute/v1/projects/vast-art-304421/zones/us-central1-a/instanceGroupManagers/gke-stage-dedicated-8eda6870-grp"
            ],
            "location": "us-central1",
            "management": [
              {
                "auto_repair": false,
                "auto_upgrade": false
              }
            ],
            "max_pods_per_node": 110,
            "name": "dedicated",
            "name_prefix": "",
            "node_config": [
              {
                "disk_size_gb": 50,
                "disk_type": "pd-ssd",
                "guest_accelerator": [],
                "image_type": "UBUNTU",
                "labels": {
                  "dou/app-name": "infraSpecificApp",
                  "dou/student-name": "alejandro_marin"
                },
                "local_ssd_count": 0,
                "machine_type": "n1-standard-1",
                "metadata": {
                  "disable-legacy-endpoints": "true"
                },
                "min_cpu_platform": "",
                "oauth_scopes": [
                  "https://www.googleapis.com/auth/cloud-platform",
                  "https://www.googleapis.com/auth/compute",
                  "https://www.googleapis.com/auth/devstorage.read_only",
                  "https://www.googleapis.com/auth/logging.write",
                  "https://www.googleapis.com/auth/monitoring",
                  "https://www.googleapis.com/auth/service.management.readonly",
                  "https://www.googleapis.com/auth/servicecontrol",
                  "https://www.googleapis.com/auth/trace.append"
                ],
                "preemptible": false,
                "service_account": "edge-case-alejandro-marin@vast-art-304421.iam.gserviceaccount.com",
                "shielded_instance_config": [
                  {
                    "enable_integrity_monitoring": true,
                    "enable_secure_boot": false
                  }
                ],
                "tags": [],
                "taint": [
                  {
                    "effect": "NO_EXECUTE",
                    "key": "dou/app-name",
                    "value": "infraSpecificApp"
                  }
                ],
                "workload_metadata_config": []
              }
            ],
            "node_count": 1,
            "node_locations": [
              "us-central1-a"
            ],
            "project": "vast-art-304421",
            "timeouts": null,
            "upgrade_settings": [
              {
                "max_surge": 0,
                "max_unavailable": 1
              }
            ],
            "version": "1.18.15-gke.800"
          },
          "sensitive_attributes": [],
          "private": "eyJlMmJmYjczMC1lY2FhLTExZTYtOGY4OC0zNDM2M2JjN2M0YzAiOnsiY3JlYXRlIjoxODAwMDAwMDAwMDAwLCJkZWxldGUiOjE4MDAwMDAwMDAwMDAsInVwZGF0ZSI6MTgwMDAwMDAwMDAwMH0sInNjaGVtYV92ZXJzaW9uIjoiMSJ9",
          "dependencies": [
            "google_project_service.local_project",
            "google_service_account.k8s",
            "module.application_cluster.google_container_cluster.gke_cluster"
          ]
        }
      ]
    }
  ]
}
